// !$*UTF8*$!
{
	archiveVersion = 1;
	classes = {
	};
	objectVersion = 55;
	objects = {

/* Begin PBXBuildFile section */
		967836602890909400BDBFE8 /* ZbraryApp.swift in Sources */ = {isa = PBXBuildFile; fileRef = 9678365F2890909400BDBFE8 /* ZbraryApp.swift */; };
		967836622890909400BDBFE8 /* ContentView.swift in Sources */ = {isa = PBXBuildFile; fileRef = 967836612890909400BDBFE8 /* ContentView.swift */; };
		967836642890909500BDBFE8 /* Assets.xcassets in Resources */ = {isa = PBXBuildFile; fileRef = 967836632890909500BDBFE8 /* Assets.xcassets */; };
		967836672890909500BDBFE8 /* Preview Assets.xcassets in Resources */ = {isa = PBXBuildFile; fileRef = 967836662890909500BDBFE8 /* Preview Assets.xcassets */; };
		9678366E289090C200BDBFE8 /* AddBookView.swift in Sources */ = {isa = PBXBuildFile; fileRef = 9678366D289090C200BDBFE8 /* AddBookView.swift */; };
		96783673289090FE00BDBFE8 /* DataController.swift in Sources */ = {isa = PBXBuildFile; fileRef = 9678366F289090FE00BDBFE8 /* DataController.swift */; };
		96783674289090FE00BDBFE8 /* FindView.swift in Sources */ = {isa = PBXBuildFile; fileRef = 96783670289090FE00BDBFE8 /* FindView.swift */; };
		96783675289090FE00BDBFE8 /* EmojiRatingView.swift in Sources */ = {isa = PBXBuildFile; fileRef = 96783671289090FE00BDBFE8 /* EmojiRatingView.swift */; };
		96783676289090FE00BDBFE8 /* DetailView.swift in Sources */ = {isa = PBXBuildFile; fileRef = 96783672289090FE00BDBFE8 /* DetailView.swift */; };
		9678367C2890910900BDBFE8 /* RatingView.swift in Sources */ = {isa = PBXBuildFile; fileRef = 967836782890910900BDBFE8 /* RatingView.swift */; };
		9678367D2890910900BDBFE8 /* HomeView.swift in Sources */ = {isa = PBXBuildFile; fileRef = 967836792890910900BDBFE8 /* HomeView.swift */; };
		967836822890912B00BDBFE8 /* Booklist.xcdatamodeld in Sources */ = {isa = PBXBuildFile; fileRef = 9678367F2890912B00BDBFE8 /* Booklist.xcdatamodeld */; };
		967836832890912B00BDBFE8 /* WriteView.swift in Sources */ = {isa = PBXBuildFile; fileRef = 967836812890912B00BDBFE8 /* WriteView.swift */; };
		967836852891BC3C00BDBFE8 /* BookView.swift in Sources */ = {isa = PBXBuildFile; fileRef = 967836842891BC3C00BDBFE8 /* BookView.swift */; };
		9682FFA428CA709700560134 /* libraryCollection.json in Resources */ = {isa = PBXBuildFile; fileRef = 9682FFA328CA709700560134 /* libraryCollection.json */; };
		9682FFA628CA711800560134 /* ReadData.swift in Sources */ = {isa = PBXBuildFile; fileRef = 9682FFA528CA711800560134 /* ReadData.swift */; };
		9682FFA828CA745300560134 /* LibraryInventory.swift in Sources */ = {isa = PBXBuildFile; fileRef = 9682FFA728CA745300560134 /* LibraryInventory.swift */; };
/* End PBXBuildFile section */

/* Begin PBXFileReference section */
		9678365C2890909400BDBFE8 /* Zbrary.app */ = {isa = PBXFileReference; explicitFileType = wrapper.application; includeInIndex = 0; path = Zbrary.app; sourceTree = BUILT_PRODUCTS_DIR; };
		9678365F2890909400BDBFE8 /* ZbraryApp.swift */ = {isa = PBXFileReference; lastKnownFileType = sourcecode.swift; path = ZbraryApp.swift; sourceTree = "<group>"; };
		967836612890909400BDBFE8 /* ContentView.swift */ = {isa = PBXFileReference; lastKnownFileType = sourcecode.swift; path = ContentView.swift; sourceTree = "<group>"; };
		967836632890909500BDBFE8 /* Assets.xcassets */ = {isa = PBXFileReference; lastKnownFileType = folder.assetcatalog; path = Assets.xcassets; sourceTree = "<group>"; };
		967836662890909500BDBFE8 /* Preview Assets.xcassets */ = {isa = PBXFileReference; lastKnownFileType = folder.assetcatalog; path = "Preview Assets.xcassets"; sourceTree = "<group>"; };
		9678366D289090C200BDBFE8 /* AddBookView.swift */ = {isa = PBXFileReference; fileEncoding = 4; lastKnownFileType = sourcecode.swift; path = AddBookView.swift; sourceTree = "<group>"; };
		9678366F289090FE00BDBFE8 /* DataController.swift */ = {isa = PBXFileReference; fileEncoding = 4; lastKnownFileType = sourcecode.swift; path = DataController.swift; sourceTree = "<group>"; };
		96783670289090FE00BDBFE8 /* FindView.swift */ = {isa = PBXFileReference; fileEncoding = 4; lastKnownFileType = sourcecode.swift; path = FindView.swift; sourceTree = "<group>"; };
		96783671289090FE00BDBFE8 /* EmojiRatingView.swift */ = {isa = PBXFileReference; fileEncoding = 4; lastKnownFileType = sourcecode.swift; path = EmojiRatingView.swift; sourceTree = "<group>"; };
		96783672289090FE00BDBFE8 /* DetailView.swift */ = {isa = PBXFileReference; fileEncoding = 4; lastKnownFileType = sourcecode.swift; path = DetailView.swift; sourceTree = "<group>"; };
		967836782890910900BDBFE8 /* RatingView.swift */ = {isa = PBXFileReference; fileEncoding = 4; lastKnownFileType = sourcecode.swift; path = RatingView.swift; sourceTree = "<group>"; };
		967836792890910900BDBFE8 /* HomeView.swift */ = {isa = PBXFileReference; fileEncoding = 4; lastKnownFileType = sourcecode.swift; path = HomeView.swift; sourceTree = "<group>"; };
		967836802890912B00BDBFE8 /* Zlib.xcdatamodel */ = {isa = PBXFileReference; lastKnownFileType = wrapper.xcdatamodel; path = Zlib.xcdatamodel; sourceTree = "<group>"; };
		967836812890912B00BDBFE8 /* WriteView.swift */ = {isa = PBXFileReference; fileEncoding = 4; lastKnownFileType = sourcecode.swift; path = WriteView.swift; sourceTree = "<group>"; };
		967836842891BC3C00BDBFE8 /* BookView.swift */ = {isa = PBXFileReference; fileEncoding = 4; lastKnownFileType = sourcecode.swift; path = BookView.swift; sourceTree = "<group>"; };
		9682FFA328CA709700560134 /* libraryCollection.json */ = {isa = PBXFileReference; fileEncoding = 4; lastKnownFileType = text.json; path = libraryCollection.json; sourceTree = "<group>"; };
		9682FFA528CA711800560134 /* ReadData.swift */ = {isa = PBXFileReference; fileEncoding = 4; lastKnownFileType = sourcecode.swift; path = ReadData.swift; sourceTree = "<group>"; };
		9682FFA728CA745300560134 /* LibraryInventory.swift */ = {isa = PBXFileReference; lastKnownFileType = sourcecode.swift; path = LibraryInventory.swift; sourceTree = "<group>"; };
/* End PBXFileReference section */

/* Begin PBXFrameworksBuildPhase section */
		967836592890909400BDBFE8 /* Frameworks */ = {
			isa = PBXFrameworksBuildPhase;
			buildActionMask = 2147483647;
			files = (
			);
			runOnlyForDeploymentPostprocessing = 0;
		};
/* End PBXFrameworksBuildPhase section */

/* Begin PBXGroup section */
		967836532890909400BDBFE8 = {
			isa = PBXGroup;
			children = (
				9678365E2890909400BDBFE8 /* Zbrary */,
				9678365D2890909400BDBFE8 /* Products */,
			);
			sourceTree = "<group>";
		};
		9678365D2890909400BDBFE8 /* Products */ = {
			isa = PBXGroup;
			children = (
				9678365C2890909400BDBFE8 /* Zbrary.app */,
			);
			name = Products;
			sourceTree = "<group>";
		};
		9678365E2890909400BDBFE8 /* Zbrary */ = {
			isa = PBXGroup;
			children = (
				9678365F2890909400BDBFE8 /* ZbraryApp.swift */,
				9678366D289090C200BDBFE8 /* AddBookView.swift */,
				967836842891BC3C00BDBFE8 /* BookView.swift */,
				9682FFA528CA711800560134 /* ReadData.swift */,
				967836612890909400BDBFE8 /* ContentView.swift */,
				9682FFA728CA745300560134 /* LibraryInventory.swift */,
				9678366F289090FE00BDBFE8 /* DataController.swift */,
				96783672289090FE00BDBFE8 /* DetailView.swift */,
				96783671289090FE00BDBFE8 /* EmojiRatingView.swift */,
				96783670289090FE00BDBFE8 /* FindView.swift */,
				967836792890910900BDBFE8 /* HomeView.swift */,
				967836782890910900BDBFE8 /* RatingView.swift */,
				967836632890909500BDBFE8 /* Assets.xcassets */,
				9682FFA328CA709700560134 /* libraryCollection.json */,
				9678367F2890912B00BDBFE8 /* Booklist.xcdatamodeld */,
				967836812890912B00BDBFE8 /* WriteView.swift */,
				967836652890909500BDBFE8 /* Preview Content */,
			);
			path = Zbrary;
			sourceTree = "<group>";
		};
		967836652890909500BDBFE8 /* Preview Content */ = {
			isa = PBXGroup;
			children = (
				967836662890909500BDBFE8 /* Preview Assets.xcassets */,
			);
			path = "Preview Content";
			sourceTree = "<group>";
		};
/* End PBXGroup section */

/* Begin PBXNativeTarget section */
		9678365B2890909400BDBFE8 /* Zbrary */ = {
			isa = PBXNativeTarget;
			buildConfigurationList = 9678366A2890909500BDBFE8 /* Build configuration list for PBXNativeTarget "Zbrary" */;
			buildPhases = (
				967836582890909400BDBFE8 /* Sources */,
				967836592890909400BDBFE8 /* Frameworks */,
				9678365A2890909400BDBFE8 /* Resources */,
			);
			buildRules = (
			);
			dependencies = (
			);
			name = Zbrary;
			productName = Zbrary;
			productReference = 9678365C2890909400BDBFE8 /* Zbrary.app */;
			productType = "com.apple.product-type.application";
		};
/* End PBXNativeTarget section */

/* Begin PBXProject section */
		967836542890909400BDBFE8 /* Project object */ = {
			isa = PBXProject;
			attributes = {
				BuildIndependentTargetsInParallel = 1;
				LastSwiftUpdateCheck = 1340;
				LastUpgradeCheck = 1340;
				TargetAttributes = {
					9678365B2890909400BDBFE8 = {
						CreatedOnToolsVersion = 13.4.1;
					};
				};
			};
			buildConfigurationList = 967836572890909400BDBFE8 /* Build configuration list for PBXProject "Zbrary" */;
			compatibilityVersion = "Xcode 13.0";
			developmentRegion = en;
			hasScannedForEncodings = 0;
			knownRegions = (
				en,
				Base,
			);
			mainGroup = 967836532890909400BDBFE8;
			productRefGroup = 9678365D2890909400BDBFE8 /* Products */;
			projectDirPath = "";
			projectRoot = "";
			targets = (
				9678365B2890909400BDBFE8 /* Zbrary */,
			);
		};
/* End PBXProject section */

/* Begin PBXResourcesBuildPhase section */
		9678365A2890909400BDBFE8 /* Resources */ = {
			isa = PBXResourcesBuildPhase;
			buildActionMask = 2147483647;
			files = (
				967836672890909500BDBFE8 /* Preview Assets.xcassets in Resources */,
				967836642890909500BDBFE8 /* Assets.xcassets in Resources */,
				9682FFA428CA709700560134 /* libraryCollection.json in Resources */,
			);
			runOnlyForDeploymentPostprocessing = 0;
		};
/* End PBXResourcesBuildPhase section */

/* Begin PBXSourcesBuildPhase section */
		967836582890909400BDBFE8 /* Sources */ = {
			isa = PBXSourcesBuildPhase;
			buildActionMask = 2147483647;
			files = (
				967836822890912B00BDBFE8 /* Booklist.xcdatamodeld in Sources */,
				967836852891BC3C00BDBFE8 /* BookView.swift in Sources */,
				9682FFA828CA745300560134 /* LibraryInventory.swift in Sources */,
				96783674289090FE00BDBFE8 /* FindView.swift in Sources */,
				9682FFA628CA711800560134 /* ReadData.swift in Sources */,
				967836622890909400BDBFE8 /* ContentView.swift in Sources */,
				9678367D2890910900BDBFE8 /* HomeView.swift in Sources */,
				9678367C2890910900BDBFE8 /* RatingView.swift in Sources */,
				96783673289090FE00BDBFE8 /* DataController.swift in Sources */,
				96783676289090FE00BDBFE8 /* DetailView.swift in Sources */,
				9678366E289090C200BDBFE8 /* AddBookView.swift in Sources */,
				967836832890912B00BDBFE8 /* WriteView.swift in Sources */,
				96783675289090FE00BDBFE8 /* EmojiRatingView.swift in Sources */,
				967836602890909400BDBFE8 /* ZbraryApp.swift in Sources */,
			);
			runOnlyForDeploymentPostprocessing = 0;
		};
/* End PBXSourcesBuildPhase section */

/* Begin XCBuildConfiguration section */
		967836682890909500BDBFE8 /* Debug */ = {
			isa = XCBuildConfiguration;
			buildSettings = {
				ALWAYS_SEARCH_USER_PATHS = NO;
				CLANG_ANALYZER_NONNULL = YES;
				CLANG_ANALYZER_NUMBER_OBJECT_CONVERSION = YES_AGGRESSIVE;
				CLANG_CXX_LANGUAGE_STANDARD = "gnu++17";
				CLANG_ENABLE_MODULES = YES;
				CLANG_ENABLE_OBJC_ARC = YES;
				CLANG_ENABLE_OBJC_WEAK = YES;
				CLANG_WARN_BLOCK_CAPTURE_AUTORELEASING = YES;
				CLANG_WARN_BOOL_CONVERSION = YES;
				CLANG_WARN_COMMA = YES;
				CLANG_WARN_CONSTANT_CONVERSION = YES;
				CLANG_WARN_DEPRECATED_OBJC_IMPLEMENTATIONS = YES;
				CLANG_WARN_DIRECT_OBJC_ISA_USAGE = YES_ERROR;
				CLANG_WARN_DOCUMENTATION_COMMENTS = YES;
				CLANG_WARN_EMPTY_BODY = YES;
				CLANG_WARN_ENUM_CONVERSION = YES;
				CLANG_WARN_INFINITE_RECURSION = YES;
				CLANG_WARN_INT_CONVERSION = YES;
				CLANG_WARN_NON_LITERAL_NULL_CONVERSION = YES;
				CLANG_WARN_OBJC_IMPLICIT_RETAIN_SELF = YES;
				CLANG_WARN_OBJC_LITERAL_CONVERSION = YES;
				CLANG_WARN_OBJC_ROOT_CLASS = YES_ERROR;
				CLANG_WARN_QUOTED_INCLUDE_IN_FRAMEWORK_HEADER = YES;
				CLANG_WARN_RANGE_LOOP_ANALYSIS = YES;
				CLANG_WARN_STRICT_PROTOTYPES = YES;
				CLANG_WARN_SUSPICIOUS_MOVE = YES;
				CLANG_WARN_UNGUARDED_AVAILABILITY = YES_AGGRESSIVE;
				CLANG_WARN_UNREACHABLE_CODE = YES;
				CLANG_WARN__DUPLICATE_METHOD_MATCH = YES;
				COPY_PHASE_STRIP = NO;
				DEBUG_INFORMATION_FORMAT = dwarf;
				ENABLE_STRICT_OBJC_MSGSEND = YES;
				ENABLE_TESTABILITY = YES;
				GCC_C_LANGUAGE_STANDARD = gnu11;
				GCC_DYNAMIC_NO_PIC = NO;
				GCC_NO_COMMON_BLOCKS = YES;
				GCC_OPTIMIZATION_LEVEL = 0;
				GCC_PREPROCESSOR_DEFINITIONS = (
					"DEBUG=1",
					"$(inherited)",
				);
				GCC_WARN_64_TO_32_BIT_CONVERSION = YES;
				GCC_WARN_ABOUT_RETURN_TYPE = YES_ERROR;
				GCC_WARN_UNDECLARED_SELECTOR = YES;
				GCC_WARN_UNINITIALIZED_AUTOS = YES_AGGRESSIVE;
				GCC_WARN_UNUSED_FUNCTION = YES;
				GCC_WARN_UNUSED_VARIABLE = YES;
				IPHONEOS_DEPLOYMENT_TARGET = 15.5;
				MTL_ENABLE_DEBUG_INFO = INCLUDE_SOURCE;
				MTL_FAST_MATH = YES;
				ONLY_ACTIVE_ARCH = YES;
				SDKROOT = iphoneos;
				SWIFT_ACTIVE_COMPILATION_CONDITIONS = DEBUG;
				SWIFT_OPTIMIZATION_LEVEL = "-Onone";
			};
			name = Debug;
		};
		967836692890909500BDBFE8 /* Release */ = {
			isa = XCBuildConfiguration;
			buildSettings = {
				ALWAYS_SEARCH_USER_PATHS = NO;
				CLANG_ANALYZER_NONNULL = YES;
				CLANG_ANALYZER_NUMBER_OBJECT_CONVERSION = YES_AGGRESSIVE;
				CLANG_CXX_LANGUAGE_STANDARD = "gnu++17";
				CLANG_ENABLE_MODULES = YES;
				CLANG_ENABLE_OBJC_ARC = YES;
				CLANG_ENABLE_OBJC_WEAK = YES;
				CLANG_WARN_BLOCK_CAPTURE_AUTORELEASING = YES;
				CLANG_WARN_BOOL_CONVERSION = YES;
				CLANG_WARN_COMMA = YES;
				CLANG_WARN_CONSTANT_CONVERSION = YES;
				CLANG_WARN_DEPRECATED_OBJC_IMPLEMENTATIONS = YES;
				CLANG_WARN_DIRECT_OBJC_ISA_USAGE = YES_ERROR;
				CLANG_WARN_DOCUMENTATION_COMMENTS = YES;
				CLANG_WARN_EMPTY_BODY = YES;
				CLANG_WARN_ENUM_CONVERSION = YES;
				CLANG_WARN_INFINITE_RECURSION = YES;
				CLANG_WARN_INT_CONVERSION = YES;
				CLANG_WARN_NON_LITERAL_NULL_CONVERSION = YES;
				CLANG_WARN_OBJC_IMPLICIT_RETAIN_SELF = YES;
				CLANG_WARN_OBJC_LITERAL_CONVERSION = YES;
				CLANG_WARN_OBJC_ROOT_CLASS = YES_ERROR;
				CLANG_WARN_QUOTED_INCLUDE_IN_FRAMEWORK_HEADER = YES;
				CLANG_WARN_RANGE_LOOP_ANALYSIS = YES;
				CLANG_WARN_STRICT_PROTOTYPES = YES;
				CLANG_WARN_SUSPICIOUS_MOVE = YES;
				CLANG_WARN_UNGUARDED_AVAILABILITY = YES_AGGRESSIVE;
				CLANG_WARN_UNREACHABLE_CODE = YES;
				CLANG_WARN__DUPLICATE_METHOD_MATCH = YES;
				COPY_PHASE_STRIP = NO;
				DEBUG_INFORMATION_FORMAT = "dwarf-with-dsym";
				ENABLE_NS_ASSERTIONS = NO;
				ENABLE_STRICT_OBJC_MSGSEND = YES;
				GCC_C_LANGUAGE_STANDARD = gnu11;
				GCC_NO_COMMON_BLOCKS = YES;
				GCC_WARN_64_TO_32_BIT_CONVERSION = YES;
				GCC_WARN_ABOUT_RETURN_TYPE = YES_ERROR;
				GCC_WARN_UNDECLARED_SELECTOR = YES;
				GCC_WARN_UNINITIALIZED_AUTOS = YES_AGGRESSIVE;
				GCC_WARN_UNUSED_FUNCTION = YES;
				GCC_WARN_UNUSED_VARIABLE = YES;
				IPHONEOS_DEPLOYMENT_TARGET = 15.5;
				MTL_ENABLE_DEBUG_INFO = NO;
				MTL_FAST_MATH = YES;
				SDKROOT = iphoneos;
				SWIFT_COMPILATION_MODE = wholemodule;
				SWIFT_OPTIMIZATION_LEVEL = "-O";
				VALIDATE_PRODUCT = YES;
			};
			name = Release;
		};
		9678366B2890909500BDBFE8 /* Debug */ = {
			isa = XCBuildConfiguration;
			buildSettings = {
				ASSETCATALOG_COMPILER_APPICON_NAME = AppIcon;
				ASSETCATALOG_COMPILER_GLOBAL_ACCENT_COLOR_NAME = AccentColor;
				CODE_SIGN_STYLE = Automatic;
				CURRENT_PROJECT_VERSION = 1;
				DEVELOPMENT_ASSET_PATHS = "\"Zbrary/Preview Content\"";
				DEVELOPMENT_TEAM = 3U526N42KR;
				ENABLE_PREVIEWS = YES;
				GENERATE_INFOPLIST_FILE = YES;
				INFOPLIST_KEY_UIApplicationSceneManifest_Generation = YES;
				INFOPLIST_KEY_UIApplicationSupportsIndirectInputEvents = YES;
				INFOPLIST_KEY_UILaunchScreen_Generation = YES;
				INFOPLIST_KEY_UISupportedInterfaceOrientations_iPad = "UIInterfaceOrientationPortrait UIInterfaceOrientationPortraitUpsideDown UIInterfaceOrientationLandscapeLeft UIInterfaceOrientationLandscapeRight";
				INFOPLIST_KEY_UISupportedInterfaceOrientations_iPhone = "UIInterfaceOrientationPortrait UIInterfaceOrientationLandscapeLeft UIInterfaceOrientationLandscapeRight";
				LD_RUNPATH_SEARCH_PATHS = (
					"$(inherited)",
					"@executable_path/Frameworks",
				);
				MARKETING_VERSION = 1.0;
				PRODUCT_BUNDLE_IDENTIFIER = com.damon.Zbrary.Zbrary;
				PRODUCT_NAME = "$(TARGET_NAME)";
				SWIFT_EMIT_LOC_STRINGS = YES;
				SWIFT_VERSION = 5.0;
				TARGETED_DEVICE_FAMILY = "1,2";
			};
			name = Debug;
		};
		9678366C2890909500BDBFE8 /* Release */ = {
			isa = XCBuildConfiguration;
			buildSettings = {
				ASSETCATALOG_COMPILER_APPICON_NAME = AppIcon;
				ASSETCATALOG_COMPILER_GLOBAL_ACCENT_COLOR_NAME = AccentColor;
				CODE_SIGN_STYLE = Automatic;
				CURRENT_PROJECT_VERSION = 1;
				DEVELOPMENT_ASSET_PATHS = "\"Zbrary/Preview Content\"";
				DEVELOPMENT_TEAM = 3U526N42KR;
				ENABLE_PREVIEWS = YES;
				GENERATE_INFOPLIST_FILE = YES;
				INFOPLIST_KEY_UIApplicationSceneManifest_Generation = YES;
				INFOPLIST_KEY_UIApplicationSupportsIndirectInputEvents = YES;
				INFOPLIST_KEY_UILaunchScreen_Generation = YES;
				INFOPLIST_KEY_UISupportedInterfaceOrientations_iPad = "UIInterfaceOrientationPortrait UIInterfaceOrientationPortraitUpsideDown UIInterfaceOrientationLandscapeLeft UIInterfaceOrientationLandscapeRight";
				INFOPLIST_KEY_UISupportedInterfaceOrientations_iPhone = "UIInterfaceOrientationPortrait UIInterfaceOrientationLandscapeLeft UIInterfaceOrientationLandscapeRight";
				LD_RUNPATH_SEARCH_PATHS = (
					"$(inherited)",
					"@executable_path/Frameworks",
				);
				MARKETING_VERSION = 1.0;
				PRODUCT_BUNDLE_IDENTIFIER = com.damon.Zbrary.Zbrary;
				PRODUCT_NAME = "$(TARGET_NAME)";
				SWIFT_EMIT_LOC_STRINGS = YES;
				SWIFT_VERSION = 5.0;
				TARGETED_DEVICE_FAMILY = "1,2";
			};
			name = Release;
		};
/* End XCBuildConfiguration section */

/* Begin XCConfigurationList section */
		967836572890909400BDBFE8 /* Build configuration list for PBXProject "Zbrary" */ = {
			isa = XCConfigurationList;
			buildConfigurations = (
				967836682890909500BDBFE8 /* Debug */,
				967836692890909500BDBFE8 /* Release */,
			);
			defaultConfigurationIsVisible = 0;
			defaultConfigurationName = Release;
		};
		9678366A2890909500BDBFE8 /* Build configuration list for PBXNativeTarget "Zbrary" */ = {
			isa = XCConfigurationList;
			buildConfigurations = (
				9678366B2890909500BDBFE8 /* Debug */,
				9678366C2890909500BDBFE8 /* Release */,
			);
			defaultConfigurationIsVisible = 0;
			defaultConfigurationName = Release;
		};
/* End XCConfigurationList section */

/* Begin XCVersionGroup section */
		9678367F2890912B00BDBFE8 /* Booklist.xcdatamodeld */ = {
			isa = XCVersionGroup;
			children = (
				967836802890912B00BDBFE8 /* Zlib.xcdatamodel */,
			);
			currentVersion = 967836802890912B00BDBFE8 /* Zlib.xcdatamodel */;
			path = Booklist.xcdatamodeld;
			sourceTree = "<group>";
			versionGroupType = wrapper.xcdatamodel;
		};
/* End XCVersionGroup section */
	};
	rootObject = 967836542890909400BDBFE8 /* Project object */;
}
